# THIS IS AN AUTOGENERATED FILE. DO NOT EDIT THIS FILE DIRECTLY.
# yarn lockfile v1


wux-weapp@^3.5.0:
  version "3.5.0"
  resolved "https://registry.yarnpkg.com/wux-weapp/-/wux-weapp-3.5.0.tgz#dddc93b164a8cc65b0eb6f34156ac3a315258aff"
  integrity sha512-WU3Q4JJeNdWvkofee018KUrT9FJNW0F0ElF6LGRGE5M9EBpNsAueDxvYojdKXzqA3DYYtiCBKewJ+JfzLYrxbQ==

wxapp-graphql@^0.0.4:
  version "0.0.4"
  resolved "https://registry.yarnpkg.com/wxapp-graphql/-/wxapp-graphql-0.0.4.tgz#1af3efbe0939c1bc5c81e692b6e7c3765e3feefe"
  integrity sha512-krdGwmRizDD9ssQuMcnx7Bptsv01X8aloog0uICDskHsq1rclAUpRE9b704Bn0ttPAgvH6ScEiNDJ6t8kGU57A==
